
Microsoft Visual Studio Solution File, Format Version 12.00
# Visual Studio Version 16
VisualStudioVersion = 16.0.29905.134
MinimumVisualStudioVersion = 10.0.40219.1
Project("{FAE04EC0-301F-11D3-BF4B-00C04F79EFBC}") = "OneMore", "OneMore\OneMore.csproj", "{D874E185-08FE-48C5-BADE-0FE84060C978}"
EndProject
Project("{54435603-DBB4-11D2-8724-00A0C9A8B90C}") = "Setup", "OneMoreSetup\OneMoreSetup.vdproj", "{617FC926-3389-4888-B08B-29B28E413936}"
EndProject
Project("{2150E333-8FDC-42A3-9474-1A3956D46DE8}") = "Solution Items", "Solution Items", "{2679BE09-8144-4B5B-957E-D463F00FA66E}"
	ProjectSection(SolutionItems) = preProject
		.editorconfig = .editorconfig
		Reference\0336.OneNoteApplication_2013.xsd = Reference\0336.OneNoteApplication_2013.xsd
		build.ps1 = build.ps1
		Reference\customui14.xsd = Reference\customui14.xsd
		LICENSE = LICENSE
		Reference\onenotecontrols-2016.xlsx = Reference\onenotecontrols-2016.xlsx
		README.md = README.md
	EndProjectSection
EndProject
Project("{2150E333-8FDC-42A3-9474-1A3956D46DE8}") = "Themes", "Themes", "{B33891C1-D812-4C1D-B6DC-2175A68C4ADC}"
	ProjectSection(SolutionItems) = preProject
		Themes\Confluence6.xml = Themes\Confluence6.xml
		Themes\Confluence7.xml = Themes\Confluence7.xml
		Themes\DarkBlue.xml = Themes\DarkBlue.xml
		Themes\DarkGreen.xml = Themes\DarkGreen.xml
		Themes\DarkOrange.xml = Themes\DarkOrange.xml
		Themes\Orange.xml = Themes\Orange.xml
		Themes\Standard.xml = Themes\Standard.xml
	EndProjectSection
EndProject
Project("{2150E333-8FDC-42A3-9474-1A3956D46DE8}") = "Plugins", "Plugins", "{9D56ACB1-3CDF-48EB-B786-4F924E899CE2}"
	ProjectSection(SolutionItems) = preProject
		Plugins\Get-MeetingDate.ps1 = Plugins\Get-MeetingDate.ps1
	EndProjectSection
EndProject
Project("{2150E333-8FDC-42A3-9474-1A3956D46DE8}") = "Templates", "Templates", "{31896922-72FF-4823-80C0-8EC46936AC71}"
	ProjectSection(SolutionItems) = preProject
		Templates\OneNote_Keyboard_Shortcuts.zip = Templates\OneNote_Keyboard_Shortcuts.zip
	EndProjectSection
EndProject
Global
	GlobalSection(SolutionConfigurationPlatforms) = preSolution
		Debug|Any CPU = Debug|Any CPU
		Debug|x64 = Debug|x64
		Debug|x86 = Debug|x86
		LocalDebug|Any CPU = LocalDebug|Any CPU
		LocalDebug|x64 = LocalDebug|x64
		LocalDebug|x86 = LocalDebug|x86
		Release|Any CPU = Release|Any CPU
		Release|x64 = Release|x64
		Release|x86 = Release|x86
	EndGlobalSection
	GlobalSection(ProjectConfigurationPlatforms) = postSolution
		{D874E185-08FE-48C5-BADE-0FE84060C978}.Debug|Any CPU.ActiveCfg = Debug|x86
		{D874E185-08FE-48C5-BADE-0FE84060C978}.Debug|x64.ActiveCfg = Debug|x64
		{D874E185-08FE-48C5-BADE-0FE84060C978}.Debug|x64.Build.0 = Debug|x64
		{D874E185-08FE-48C5-BADE-0FE84060C978}.Debug|x86.ActiveCfg = Debug|x86
		{D874E185-08FE-48C5-BADE-0FE84060C978}.Debug|x86.Build.0 = Debug|x86
		{D874E185-08FE-48C5-BADE-0FE84060C978}.LocalDebug|Any CPU.ActiveCfg = Release|x86
		{D874E185-08FE-48C5-BADE-0FE84060C978}.LocalDebug|Any CPU.Build.0 = Release|x86
		{D874E185-08FE-48C5-BADE-0FE84060C978}.LocalDebug|x64.ActiveCfg = Debug|x64
		{D874E185-08FE-48C5-BADE-0FE84060C978}.LocalDebug|x64.Build.0 = Debug|x64
		{D874E185-08FE-48C5-BADE-0FE84060C978}.LocalDebug|x86.ActiveCfg = Debug|x86
		{D874E185-08FE-48C5-BADE-0FE84060C978}.LocalDebug|x86.Build.0 = Debug|x86
		{D874E185-08FE-48C5-BADE-0FE84060C978}.Release|Any CPU.ActiveCfg = Release|x86
		{D874E185-08FE-48C5-BADE-0FE84060C978}.Release|x64.ActiveCfg = Release|x64
		{D874E185-08FE-48C5-BADE-0FE84060C978}.Release|x64.Build.0 = Release|x64
		{D874E185-08FE-48C5-BADE-0FE84060C978}.Release|x86.ActiveCfg = Release|x86
		{D874E185-08FE-48C5-BADE-0FE84060C978}.Release|x86.Build.0 = Release|x86
		{617FC926-3389-4888-B08B-29B28E413936}.Debug|Any CPU.ActiveCfg = Debug
		{617FC926-3389-4888-B08B-29B28E413936}.Debug|Any CPU.Build.0 = Debug
		{617FC926-3389-4888-B08B-29B28E413936}.Debug|x64.ActiveCfg = Debug
		{617FC926-3389-4888-B08B-29B28E413936}.Debug|x64.Build.0 = Debug
		{617FC926-3389-4888-B08B-29B28E413936}.Debug|x86.ActiveCfg = Debug
		{617FC926-3389-4888-B08B-29B28E413936}.Debug|x86.Build.0 = Debug
		{617FC926-3389-4888-B08B-29B28E413936}.LocalDebug|Any CPU.ActiveCfg = LocalDebug
		{617FC926-3389-4888-B08B-29B28E413936}.LocalDebug|Any CPU.Build.0 = LocalDebug
		{617FC926-3389-4888-B08B-29B28E413936}.LocalDebug|x64.ActiveCfg = LocalDebug
		{617FC926-3389-4888-B08B-29B28E413936}.LocalDebug|x64.Build.0 = LocalDebug
		{617FC926-3389-4888-B08B-29B28E413936}.LocalDebug|x86.ActiveCfg = LocalDebug
		{617FC926-3389-4888-B08B-29B28E413936}.LocalDebug|x86.Build.0 = LocalDebug
		{617FC926-3389-4888-B08B-29B28E413936}.Release|Any CPU.ActiveCfg = Release
		{617FC926-3389-4888-B08B-29B28E413936}.Release|Any CPU.Build.0 = Release
		{617FC926-3389-4888-B08B-29B28E413936}.Release|x64.ActiveCfg = Release
		{617FC926-3389-4888-B08B-29B28E413936}.Release|x64.Build.0 = Release
		{617FC926-3389-4888-B08B-29B28E413936}.Release|x86.ActiveCfg = Release
		{617FC926-3389-4888-B08B-29B28E413936}.Release|x86.Build.0 = Release
	EndGlobalSection
	GlobalSection(SolutionProperties) = preSolution
		HideSolutionNode = FALSE
	EndGlobalSection
	GlobalSection(ExtensibilityGlobals) = postSolution
		SolutionGuid = {19E5943B-AB7E-4164-98B6-0C88B01BFABE}
	EndGlobalSection
EndGlobal
